// !$*UTF8*$!
{
	archiveVersion = 1;
	classes = {
	};
	objectVersion = 46;
	objects = {

/* Begin PBXAggregateTarget section */
		B3DFA5B117970B1200F656D7 /* LoopBackFramework */ = {
			isa = PBXAggregateTarget;
			buildConfigurationList = B3DFA5B217970B1200F656D7 /* Build configuration list for PBXAggregateTarget "LoopBackFramework" */;
			buildPhases = (
				B3DFA5C517970B7700F656D7 /* ShellScript */,
			);
			dependencies = (
				B3DFA5C417970B7400F656D7 /* PBXTargetDependency */,
			);
			name = LoopBackFramework;
			productName = LoopBackFramework;
		};
/* End PBXAggregateTarget section */

/* Begin PBXBuildFile section */
		B36E878917970C81000B685A /* SLRemoting.framework in Frameworks */ = {isa = PBXBuildFile; fileRef = B36E878817970C81000B685A /* SLRemoting.framework */; };
		B3D220FB17722AE800B7CB63 /* Foundation.framework in Frameworks */ = {isa = PBXBuildFile; fileRef = B3D220FA17722AE800B7CB63 /* Foundation.framework */; };
		B3D2210A17722AE800B7CB63 /* SenTestingKit.framework in Frameworks */ = {isa = PBXBuildFile; fileRef = B3D2210917722AE800B7CB63 /* SenTestingKit.framework */; };
		B3D2210D17722AE800B7CB63 /* Foundation.framework in Frameworks */ = {isa = PBXBuildFile; fileRef = B3D220FA17722AE800B7CB63 /* Foundation.framework */; };
		B3D2211017722AE800B7CB63 /* libLoopBack.a in Frameworks */ = {isa = PBXBuildFile; fileRef = B3D220F717722AE800B7CB63 /* libLoopBack.a */; };
		B3D2211617722AE800B7CB63 /* InfoPlist.strings in Resources */ = {isa = PBXBuildFile; fileRef = B3D2211417722AE800B7CB63 /* InfoPlist.strings */; };
		B3D2212417722B1700B7CB63 /* LBModel.m in Sources */ = {isa = PBXBuildFile; fileRef = B3D2212317722B1700B7CB63 /* LBModel.m */; };
		B3D2213B17722BAB00B7CB63 /* LBModelTests.m in Sources */ = {isa = PBXBuildFile; fileRef = B3D2213A17722BAB00B7CB63 /* LBModelTests.m */; };
		B3D2214217725A7F00B7CB63 /* LBModelSubclassingTests.m in Sources */ = {isa = PBXBuildFile; fileRef = B3D2214117725A7F00B7CB63 /* LBModelSubclassingTests.m */; };
		B3D2214417725DAB00B7CB63 /* UIKit.framework in Frameworks */ = {isa = PBXBuildFile; fileRef = B3D2214317725DAB00B7CB63 /* UIKit.framework */; };
		B3D2214A1773766800B7CB63 /* LBRESTAdapter.m in Sources */ = {isa = PBXBuildFile; fileRef = B3D221491773766800B7CB63 /* LBRESTAdapter.m */; };
		B3DC030D178F1EE20044DD58 /* libobjc.A.dylib in Frameworks */ = {isa = PBXBuildFile; fileRef = B3DC030C178F1EE20044DD58 /* libobjc.A.dylib */; };
		B3DFA5AD17970AB700F656D7 /* LoopBack.h in Headers */ = {isa = PBXBuildFile; fileRef = B3D220FF17722AE800B7CB63 /* LoopBack.h */; settings = {ATTRIBUTES = (Public, ); }; };
		B3DFA5AE17970ABD00F656D7 /* LBModel.h in Headers */ = {isa = PBXBuildFile; fileRef = B3D2212217722B1700B7CB63 /* LBModel.h */; settings = {ATTRIBUTES = (Public, ); }; };
		B3DFA5AF17970ABD00F656D7 /* LBRESTAdapter.h in Headers */ = {isa = PBXBuildFile; fileRef = B3D221481773766800B7CB63 /* LBRESTAdapter.h */; settings = {ATTRIBUTES = (Public, ); }; };
		B3DFA5B017970AC700F656D7 /* LoopBack-Prefix.pch in Headers */ = {isa = PBXBuildFile; fileRef = B3D220FE17722AE800B7CB63 /* LoopBack-Prefix.pch */; };
/* End PBXBuildFile section */

/* Begin PBXContainerItemProxy section */
		B3D2210E17722AE800B7CB63 /* PBXContainerItemProxy */ = {
			isa = PBXContainerItemProxy;
			containerPortal = B3D220EF17722AE800B7CB63 /* Project object */;
			proxyType = 1;
			remoteGlobalIDString = B3D220F617722AE800B7CB63;
			remoteInfo = LoopBack;
		};
		B3DFA5C317970B7400F656D7 /* PBXContainerItemProxy */ = {
			isa = PBXContainerItemProxy;
			containerPortal = B3D220EF17722AE800B7CB63 /* Project object */;
			proxyType = 1;
			remoteGlobalIDString = B3D220F617722AE800B7CB63;
			remoteInfo = LoopBack;
		};
/* End PBXContainerItemProxy section */

/* Begin PBXFileReference section */
		B36E878817970C81000B685A /* SLRemoting.framework */ = {isa = PBXFileReference; lastKnownFileType = wrapper.framework; path = SLRemoting.framework; sourceTree = "<group>"; };
		B3D220F717722AE800B7CB63 /* libLoopBack.a */ = {isa = PBXFileReference; explicitFileType = archive.ar; includeInIndex = 0; path = libLoopBack.a; sourceTree = BUILT_PRODUCTS_DIR; };
		B3D220FA17722AE800B7CB63 /* Foundation.framework */ = {isa = PBXFileReference; lastKnownFileType = wrapper.framework; name = Foundation.framework; path = System/Library/Frameworks/Foundation.framework; sourceTree = SDKROOT; };
		B3D220FE17722AE800B7CB63 /* LoopBack-Prefix.pch */ = {isa = PBXFileReference; lastKnownFileType = sourcecode.c.h; path = "LoopBack-Prefix.pch"; sourceTree = "<group>"; };
		B3D220FF17722AE800B7CB63 /* LoopBack.h */ = {isa = PBXFileReference; lastKnownFileType = sourcecode.c.h; path = LoopBack.h; sourceTree = "<group>"; };
		B3D2210817722AE800B7CB63 /* LoopBackTests.octest */ = {isa = PBXFileReference; explicitFileType = wrapper.cfbundle; includeInIndex = 0; path = LoopBackTests.octest; sourceTree = BUILT_PRODUCTS_DIR; };
		B3D2210917722AE800B7CB63 /* SenTestingKit.framework */ = {isa = PBXFileReference; lastKnownFileType = wrapper.framework; name = SenTestingKit.framework; path = Library/Frameworks/SenTestingKit.framework; sourceTree = DEVELOPER_DIR; };
		B3D2211317722AE800B7CB63 /* LoopBackTests-Info.plist */ = {isa = PBXFileReference; lastKnownFileType = text.plist.xml; path = "LoopBackTests-Info.plist"; sourceTree = "<group>"; };
		B3D2211517722AE800B7CB63 /* en */ = {isa = PBXFileReference; lastKnownFileType = text.plist.strings; name = en; path = en.lproj/InfoPlist.strings; sourceTree = "<group>"; };
		B3D2212217722B1700B7CB63 /* LBModel.h */ = {isa = PBXFileReference; fileEncoding = 4; lastKnownFileType = sourcecode.c.h; path = LBModel.h; sourceTree = "<group>"; };
		B3D2212317722B1700B7CB63 /* LBModel.m */ = {isa = PBXFileReference; fileEncoding = 4; lastKnownFileType = sourcecode.c.objc; path = LBModel.m; sourceTree = "<group>"; };
		B3D2213917722BAB00B7CB63 /* LBModelTests.h */ = {isa = PBXFileReference; fileEncoding = 4; lastKnownFileType = sourcecode.c.h; path = LBModelTests.h; sourceTree = "<group>"; };
		B3D2213A17722BAB00B7CB63 /* LBModelTests.m */ = {isa = PBXFileReference; fileEncoding = 4; lastKnownFileType = sourcecode.c.objc; path = LBModelTests.m; sourceTree = "<group>"; };
		B3D2214017725A7F00B7CB63 /* LBModelSubclassingTests.h */ = {isa = PBXFileReference; fileEncoding = 4; lastKnownFileType = sourcecode.c.h; path = LBModelSubclassingTests.h; sourceTree = "<group>"; };
		B3D2214117725A7F00B7CB63 /* LBModelSubclassingTests.m */ = {isa = PBXFileReference; fileEncoding = 4; lastKnownFileType = sourcecode.c.objc; path = LBModelSubclassingTests.m; sourceTree = "<group>"; };
		B3D2214317725DAB00B7CB63 /* UIKit.framework */ = {isa = PBXFileReference; lastKnownFileType = wrapper.framework; name = UIKit.framework; path = System/Library/Frameworks/UIKit.framework; sourceTree = SDKROOT; };
		B3D221481773766800B7CB63 /* LBRESTAdapter.h */ = {isa = PBXFileReference; fileEncoding = 4; lastKnownFileType = sourcecode.c.h; path = LBRESTAdapter.h; sourceTree = "<group>"; };
		B3D221491773766800B7CB63 /* LBRESTAdapter.m */ = {isa = PBXFileReference; fileEncoding = 4; lastKnownFileType = sourcecode.c.objc; path = LBRESTAdapter.m; sourceTree = "<group>"; };
		B3DC030C178F1EE20044DD58 /* libobjc.A.dylib */ = {isa = PBXFileReference; lastKnownFileType = "compiled.mach-o.dylib"; name = libobjc.A.dylib; path = usr/lib/libobjc.A.dylib; sourceTree = SDKROOT; };
/* End PBXFileReference section */

/* Begin PBXFrameworksBuildPhase section */
		B3D220F417722AE800B7CB63 /* Frameworks */ = {
			isa = PBXFrameworksBuildPhase;
			buildActionMask = 2147483647;
			files = (
				B3DC030D178F1EE20044DD58 /* libobjc.A.dylib in Frameworks */,
				B3D220FB17722AE800B7CB63 /* Foundation.framework in Frameworks */,
				B36E878917970C81000B685A /* SLRemoting.framework in Frameworks */,
			);
			runOnlyForDeploymentPostprocessing = 0;
		};
		B3D2210417722AE800B7CB63 /* Frameworks */ = {
			isa = PBXFrameworksBuildPhase;
			buildActionMask = 2147483647;
			files = (
				B3D2210A17722AE800B7CB63 /* SenTestingKit.framework in Frameworks */,
				B3D2210D17722AE800B7CB63 /* Foundation.framework in Frameworks */,
				B3D2214417725DAB00B7CB63 /* UIKit.framework in Frameworks */,
				B3D2211017722AE800B7CB63 /* libLoopBack.a in Frameworks */,
			);
			runOnlyForDeploymentPostprocessing = 0;
		};
/* End PBXFrameworksBuildPhase section */

/* Begin PBXGroup section */
		B3D220EE17722AE800B7CB63 = {
			isa = PBXGroup;
			children = (
				B3D220FC17722AE800B7CB63 /* LoopBack */,
				B3D2211117722AE800B7CB63 /* LoopBackTests */,
				B3D220F917722AE800B7CB63 /* Frameworks */,
				B3D220F817722AE800B7CB63 /* Products */,
			);
			sourceTree = "<group>";
		};
		B3D220F817722AE800B7CB63 /* Products */ = {
			isa = PBXGroup;
			children = (
				B3D220F717722AE800B7CB63 /* libLoopBack.a */,
				B3D2210817722AE800B7CB63 /* LoopBackTests.octest */,
			);
			name = Products;
			sourceTree = "<group>";
		};
		B3D220F917722AE800B7CB63 /* Frameworks */ = {
			isa = PBXGroup;
			children = (
				B36E878817970C81000B685A /* SLRemoting.framework */,
				B3DC030C178F1EE20044DD58 /* libobjc.A.dylib */,
				B3D220FA17722AE800B7CB63 /* Foundation.framework */,
				B3D2210917722AE800B7CB63 /* SenTestingKit.framework */,
				B3D2214317725DAB00B7CB63 /* UIKit.framework */,
			);
			name = Frameworks;
			sourceTree = "<group>";
		};
		B3D220FC17722AE800B7CB63 /* LoopBack */ = {
			isa = PBXGroup;
			children = (
				B3D220FF17722AE800B7CB63 /* LoopBack.h */,
				B3D220FD17722AE800B7CB63 /* Supporting Files */,
				B3D2212217722B1700B7CB63 /* LBModel.h */,
				B3D2212317722B1700B7CB63 /* LBModel.m */,
				B3D221481773766800B7CB63 /* LBRESTAdapter.h */,
				B3D221491773766800B7CB63 /* LBRESTAdapter.m */,
			);
			path = LoopBack;
			sourceTree = "<group>";
		};
		B3D220FD17722AE800B7CB63 /* Supporting Files */ = {
			isa = PBXGroup;
			children = (
				B3D220FE17722AE800B7CB63 /* LoopBack-Prefix.pch */,
			);
			name = "Supporting Files";
			sourceTree = "<group>";
		};
		B3D2211117722AE800B7CB63 /* LoopBackTests */ = {
			isa = PBXGroup;
			children = (
				B3D2211217722AE800B7CB63 /* Supporting Files */,
				B3D2213917722BAB00B7CB63 /* LBModelTests.h */,
				B3D2213A17722BAB00B7CB63 /* LBModelTests.m */,
				B3D2214017725A7F00B7CB63 /* LBModelSubclassingTests.h */,
				B3D2214117725A7F00B7CB63 /* LBModelSubclassingTests.m */,
			);
			path = LoopBackTests;
			sourceTree = "<group>";
		};
		B3D2211217722AE800B7CB63 /* Supporting Files */ = {
			isa = PBXGroup;
			children = (
				B3D2211317722AE800B7CB63 /* LoopBackTests-Info.plist */,
				B3D2211417722AE800B7CB63 /* InfoPlist.strings */,
			);
			name = "Supporting Files";
			sourceTree = "<group>";
		};
/* End PBXGroup section */

/* Begin PBXHeadersBuildPhase section */
		B3DFA5AC17970AAD00F656D7 /* Headers */ = {
			isa = PBXHeadersBuildPhase;
			buildActionMask = 2147483647;
			files = (
				B3DFA5AD17970AB700F656D7 /* LoopBack.h in Headers */,
				B3DFA5AE17970ABD00F656D7 /* LBModel.h in Headers */,
				B3DFA5AF17970ABD00F656D7 /* LBRESTAdapter.h in Headers */,
				B3DFA5B017970AC700F656D7 /* LoopBack-Prefix.pch in Headers */,
			);
			runOnlyForDeploymentPostprocessing = 0;
		};
/* End PBXHeadersBuildPhase section */

/* Begin PBXNativeTarget section */
		B3D220F617722AE800B7CB63 /* LoopBack */ = {
			isa = PBXNativeTarget;
			buildConfigurationList = B3D2211C17722AE800B7CB63 /* Build configuration list for PBXNativeTarget "LoopBack" */;
			buildPhases = (
				B3D220F317722AE800B7CB63 /* Sources */,
				B3D220F417722AE800B7CB63 /* Frameworks */,
				B3DFA5AC17970AAD00F656D7 /* Headers */,
				B36E878A17970CC4000B685A /* ShellScript */,
			);
			buildRules = (
			);
			dependencies = (
			);
			name = LoopBack;
			productName = LoopBack;
			productReference = B3D220F717722AE800B7CB63 /* libLoopBack.a */;
			productType = "com.apple.product-type.library.static";
		};
		B3D2210717722AE800B7CB63 /* LoopBackTests */ = {
			isa = PBXNativeTarget;
			buildConfigurationList = B3D2211F17722AE800B7CB63 /* Build configuration list for PBXNativeTarget "LoopBackTests" */;
			buildPhases = (
				B3D2210317722AE800B7CB63 /* Sources */,
				B3D2210417722AE800B7CB63 /* Frameworks */,
				B3D2210517722AE800B7CB63 /* Resources */,
				B3D2210617722AE800B7CB63 /* ShellScript */,
			);
			buildRules = (
			);
			dependencies = (
				B3D2210F17722AE800B7CB63 /* PBXTargetDependency */,
			);
			name = LoopBackTests;
			productName = LoopBackTests;
			productReference = B3D2210817722AE800B7CB63 /* LoopBackTests.octest */;
			productType = "com.apple.product-type.bundle";
		};
/* End PBXNativeTarget section */

/* Begin PBXProject section */
		B3D220EF17722AE800B7CB63 /* Project object */ = {
			isa = PBXProject;
			attributes = {
				LastUpgradeCheck = 0460;
				ORGANIZATIONNAME = StrongLoop;
			};
			buildConfigurationList = B3D220F217722AE800B7CB63 /* Build configuration list for PBXProject "LoopBack" */;
			compatibilityVersion = "Xcode 3.2";
			developmentRegion = English;
			hasScannedForEncodings = 0;
			knownRegions = (
				en,
			);
			mainGroup = B3D220EE17722AE800B7CB63;
			productRefGroup = B3D220F817722AE800B7CB63 /* Products */;
			projectDirPath = "";
			projectRoot = "";
			targets = (
				B3D220F617722AE800B7CB63 /* LoopBack */,
				B3D2210717722AE800B7CB63 /* LoopBackTests */,
				B3DFA5B117970B1200F656D7 /* LoopBackFramework */,
			);
		};
/* End PBXProject section */

/* Begin PBXResourcesBuildPhase section */
		B3D2210517722AE800B7CB63 /* Resources */ = {
			isa = PBXResourcesBuildPhase;
			buildActionMask = 2147483647;
			files = (
				B3D2211617722AE800B7CB63 /* InfoPlist.strings in Resources */,
			);
			runOnlyForDeploymentPostprocessing = 0;
		};
/* End PBXResourcesBuildPhase section */

/* Begin PBXShellScriptBuildPhase section */
		B36E878A17970CC4000B685A /* ShellScript */ = {
			isa = PBXShellScriptBuildPhase;
			buildActionMask = 2147483647;
			files = (
			);
			inputPaths = (
			);
			outputPaths = (
			);
			runOnlyForDeploymentPostprocessing = 0;
			shellPath = /bin/sh;
			shellScript = "set -e\n\nmkdir -p \"${BUILT_PRODUCTS_DIR}/${PRODUCT_NAME}.framework/Versions/A/Headers\"\n\n# Link the \"Current\" version to \"A\"\n/bin/ln -sfh A \"${BUILT_PRODUCTS_DIR}/${PRODUCT_NAME}.framework/Versions/Current\"\n/bin/ln -sfh Versions/Current/Headers \"${BUILT_PRODUCTS_DIR}/${PRODUCT_NAME}.framework/Headers\"\n/bin/ln -sfh \"Versions/Current/${PRODUCT_NAME}\" \"${BUILT_PRODUCTS_DIR}/${PRODUCT_NAME}.framework/${PRODUCT_NAME}\"\n\n# The -a ensures that the headers maintain the source modification date so that we don't constantly\n# cause propagating rebuilds of files that import these headers.\n/bin/cp -a \"${TARGET_BUILD_DIR}/${PUBLIC_HEADERS_FOLDER_PATH}/\" \"${BUILT_PRODUCTS_DIR}/${PRODUCT_NAME}.framework/Versions/A/Headers\"\n";
		};
		B3D2210617722AE800B7CB63 /* ShellScript */ = {
			isa = PBXShellScriptBuildPhase;
			buildActionMask = 2147483647;
			files = (
			);
			inputPaths = (
			);
			outputPaths = (
			);
			runOnlyForDeploymentPostprocessing = 0;
			shellPath = /bin/sh;
			shellScript = "# Run the unit tests in this test bundle.\n\"${SYSTEM_DEVELOPER_DIR}/Tools/RunUnitTests\"\n";
		};
		B3DFA5C517970B7700F656D7 /* ShellScript */ = {
			isa = PBXShellScriptBuildPhase;
			buildActionMask = 2147483647;
			files = (
			);
			inputPaths = (
			);
			outputPaths = (
			);
			runOnlyForDeploymentPostprocessing = 0;
			shellPath = /bin/sh;
			shellScript = "set -e\nset +u\n# Avoid recursively calling this script.\nif [[ $SF_MASTER_SCRIPT_RUNNING ]]\nthen\nexit 0\nfi\nset -u\nexport SF_MASTER_SCRIPT_RUNNING=1\n\nSF_TARGET_NAME=${PROJECT_NAME}\nSF_EXECUTABLE_PATH=\"lib${SF_TARGET_NAME}.a\"\nSF_WRAPPER_NAME=\"${SF_TARGET_NAME}.framework\"\n\n# The following conditionals come from\n# https://github.com/kstenerud/iOS-Universal-Framework\n\nif [[ \"$SDK_NAME\" =~ ([A-Za-z]+) ]]\nthen\nSF_SDK_PLATFORM=${BASH_REMATCH[1]}\nelse\necho \"Could not find platform name from SDK_NAME: $SDK_NAME\"\nexit 1\nfi\n\nif [[ \"$SDK_NAME\" =~ ([0-9]+.*$) ]]\nthen\nSF_SDK_VERSION=${BASH_REMATCH[1]}\nelse\necho \"Could not find sdk version from SDK_NAME: $SDK_NAME\"\nexit 1\nfi\n\nif [[ \"$SF_SDK_PLATFORM\" = \"iphoneos\" ]]\nthen\nSF_OTHER_PLATFORM=iphonesimulator\nelse\nSF_OTHER_PLATFORM=iphoneos\nfi\n\nif [[ \"$BUILT_PRODUCTS_DIR\" =~ (.*)$SF_SDK_PLATFORM$ ]]\nthen\nSF_OTHER_BUILT_PRODUCTS_DIR=\"${BASH_REMATCH[1]}${SF_OTHER_PLATFORM}\"\nelse\necho \"Could not find platform name from build products directory: $BUILT_PRODUCTS_DIR\"\nexit 1\nfi\n\n# Build the other platform.\nxcodebuild -project \"${PROJECT_FILE_PATH}\" -target \"${TARGET_NAME}\" -configuration \"${CONFIGURATION}\" -sdk ${SF_OTHER_PLATFORM}${SF_SDK_VERSION} BUILD_DIR=\"${BUILD_DIR}\" OBJROOT=\"${OBJROOT}\" BUILD_ROOT=\"${BUILD_ROOT}\" SYMROOT=\"${SYMROOT}\" $ACTION\n\n# Smash the two static libraries into one fat binary and store it in the .framework\nlipo -create \"${BUILT_PRODUCTS_DIR}/${SF_EXECUTABLE_PATH}\" \"${SF_OTHER_BUILT_PRODUCTS_DIR}/${SF_EXECUTABLE_PATH}\" -output \"${BUILT_PRODUCTS_DIR}/${SF_WRAPPER_NAME}/Versions/A/${SF_TARGET_NAME}\"\n\n# Copy the binary to the other architecture folder to have a complete framework in both.\ncp -a \"${BUILT_PRODUCTS_DIR}/${SF_WRAPPER_NAME}/Versions/A/${SF_TARGET_NAME}\" \"${SF_OTHER_BUILT_PRODUCTS_DIR}/${SF_WRAPPER_NAME}/Versions/A/${SF_TARGET_NAME}\"\n";
		};
/* End PBXShellScriptBuildPhase section */

/* Begin PBXSourcesBuildPhase section */
		B3D220F317722AE800B7CB63 /* Sources */ = {
			isa = PBXSourcesBuildPhase;
			buildActionMask = 2147483647;
			files = (
				B3D2212417722B1700B7CB63 /* LBModel.m in Sources */,
				B3D2214A1773766800B7CB63 /* LBRESTAdapter.m in Sources */,
			);
			runOnlyForDeploymentPostprocessing = 0;
		};
		B3D2210317722AE800B7CB63 /* Sources */ = {
			isa = PBXSourcesBuildPhase;
			buildActionMask = 2147483647;
			files = (
				B3D2213B17722BAB00B7CB63 /* LBModelTests.m in Sources */,
				B3D2214217725A7F00B7CB63 /* LBModelSubclassingTests.m in Sources */,
			);
			runOnlyForDeploymentPostprocessing = 0;
		};
/* End PBXSourcesBuildPhase section */

/* Begin PBXTargetDependency section */
		B3D2210F17722AE800B7CB63 /* PBXTargetDependency */ = {
			isa = PBXTargetDependency;
			target = B3D220F617722AE800B7CB63 /* LoopBack */;
			targetProxy = B3D2210E17722AE800B7CB63 /* PBXContainerItemProxy */;
		};
		B3DFA5C417970B7400F656D7 /* PBXTargetDependency */ = {
			isa = PBXTargetDependency;
			target = B3D220F617722AE800B7CB63 /* LoopBack */;
			targetProxy = B3DFA5C317970B7400F656D7 /* PBXContainerItemProxy */;
		};
/* End PBXTargetDependency section */

/* Begin PBXVariantGroup section */
		B3D2211417722AE800B7CB63 /* InfoPlist.strings */ = {
			isa = PBXVariantGroup;
			children = (
				B3D2211517722AE800B7CB63 /* en */,
			);
			name = InfoPlist.strings;
			sourceTree = "<group>";
		};
/* End PBXVariantGroup section */

/* Begin XCBuildConfiguration section */
		B3D2211A17722AE800B7CB63 /* Debug */ = {
			isa = XCBuildConfiguration;
			buildSettings = {
				ALWAYS_SEARCH_USER_PATHS = NO;
				CLANG_CXX_LANGUAGE_STANDARD = "gnu++0x";
				CLANG_CXX_LIBRARY = "libc++";
				CLANG_ENABLE_OBJC_ARC = YES;
				CLANG_WARN_CONSTANT_CONVERSION = YES;
				CLANG_WARN_EMPTY_BODY = YES;
				CLANG_WARN_ENUM_CONVERSION = YES;
				CLANG_WARN_INT_CONVERSION = YES;
				CLANG_WARN__DUPLICATE_METHOD_MATCH = YES;
				COPY_PHASE_STRIP = NO;
				GCC_C_LANGUAGE_STANDARD = gnu99;
				GCC_DYNAMIC_NO_PIC = NO;
				GCC_OPTIMIZATION_LEVEL = 0;
				GCC_PREPROCESSOR_DEFINITIONS = (
					"DEBUG=1",
					"$(inherited)",
				);
				GCC_SYMBOLS_PRIVATE_EXTERN = NO;
				GCC_WARN_ABOUT_RETURN_TYPE = YES;
				GCC_WARN_UNINITIALIZED_AUTOS = YES;
				GCC_WARN_UNUSED_VARIABLE = YES;
				IPHONEOS_DEPLOYMENT_TARGET = 6.1;
				ONLY_ACTIVE_ARCH = YES;
				SDKROOT = iphoneos;
			};
			name = Debug;
		};
		B3D2211B17722AE800B7CB63 /* Release */ = {
			isa = XCBuildConfiguration;
			buildSettings = {
				ALWAYS_SEARCH_USER_PATHS = NO;
				CLANG_CXX_LANGUAGE_STANDARD = "gnu++0x";
				CLANG_CXX_LIBRARY = "libc++";
				CLANG_ENABLE_OBJC_ARC = YES;
				CLANG_WARN_CONSTANT_CONVERSION = YES;
				CLANG_WARN_EMPTY_BODY = YES;
				CLANG_WARN_ENUM_CONVERSION = YES;
				CLANG_WARN_INT_CONVERSION = YES;
				CLANG_WARN__DUPLICATE_METHOD_MATCH = YES;
				COPY_PHASE_STRIP = YES;
				GCC_C_LANGUAGE_STANDARD = gnu99;
				GCC_WARN_ABOUT_RETURN_TYPE = YES;
				GCC_WARN_UNINITIALIZED_AUTOS = YES;
				GCC_WARN_UNUSED_VARIABLE = YES;
				IPHONEOS_DEPLOYMENT_TARGET = 6.1;
				SDKROOT = iphoneos;
				VALIDATE_PRODUCT = YES;
			};
			name = Release;
		};
		B3D2211D17722AE800B7CB63 /* Debug */ = {
			isa = XCBuildConfiguration;
			buildSettings = {
				DSTROOT = /tmp/LoopBack.dst;
				FRAMEWORK_SEARCH_PATHS = (
					"$(inherited)",
					"\"$(SRCROOT)\"",
				);
				GCC_PRECOMPILE_PREFIX_HEADER = YES;
				GCC_PREFIX_HEADER = "LoopBack/LoopBack-Prefix.pch";
				LIBRARY_SEARCH_PATHS = (
					"$(inherited)",
					"\"$(SRCROOT)\"",
				);
				OTHER_LDFLAGS = "-ObjC";
				PRODUCT_NAME = "$(TARGET_NAME)";
				PUBLIC_HEADERS_FOLDER_PATH = "${PROJECT_NAME}Headers";
				SKIP_INSTALL = YES;
			};
			name = Debug;
		};
		B3D2211E17722AE800B7CB63 /* Release */ = {
			isa = XCBuildConfiguration;
			buildSettings = {
				DSTROOT = /tmp/LoopBack.dst;
				FRAMEWORK_SEARCH_PATHS = (
					"$(inherited)",
					"\"$(SRCROOT)\"",
				);
				GCC_PRECOMPILE_PREFIX_HEADER = YES;
				GCC_PREFIX_HEADER = "LoopBack/LoopBack-Prefix.pch";
				LIBRARY_SEARCH_PATHS = (
					"$(inherited)",
					"\"$(SRCROOT)\"",
				);
				OTHER_LDFLAGS = "-ObjC";
				PRODUCT_NAME = "$(TARGET_NAME)";
				PUBLIC_HEADERS_FOLDER_PATH = "${PROJECT_NAME}Headers";
				SKIP_INSTALL = YES;
			};
			name = Release;
		};
		B3D2212017722AE800B7CB63 /* Debug */ = {
			isa = XCBuildConfiguration;
			buildSettings = {
				FRAMEWORK_SEARCH_PATHS = (
					"\"$(SDKROOT)/Developer/Library/Frameworks\"",
					"\"$(DEVELOPER_LIBRARY_DIR)/Frameworks\"",
				);
				GCC_PRECOMPILE_PREFIX_HEADER = YES;
				GCC_PREFIX_HEADER = "LoopBack/LoopBack-Prefix.pch";
				INFOPLIST_FILE = "LoopBackTests/LoopBackTests-Info.plist";
				LIBRARY_SEARCH_PATHS = (
					"$(inherited)",
					"\"$(SRCROOT)\"",
				);
				PRODUCT_NAME = "$(TARGET_NAME)";
				WRAPPER_EXTENSION = octest;
			};
			name = Debug;
		};
		B3D2212117722AE800B7CB63 /* Release */ = {
			isa = XCBuildConfiguration;
			buildSettings = {
				FRAMEWORK_SEARCH_PATHS = (
					"\"$(SDKROOT)/Developer/Library/Frameworks\"",
					"\"$(DEVELOPER_LIBRARY_DIR)/Frameworks\"",
				);
				GCC_PRECOMPILE_PREFIX_HEADER = YES;
				GCC_PREFIX_HEADER = "LoopBack/LoopBack-Prefix.pch";
				INFOPLIST_FILE = "LoopBackTests/LoopBackTests-Info.plist";
				LIBRARY_SEARCH_PATHS = (
					"$(inherited)",
					"\"$(SRCROOT)\"",
				);
				PRODUCT_NAME = "$(TARGET_NAME)";
				WRAPPER_EXTENSION = octest;
			};
			name = Release;
		};
		B3DFA5B317970B1200F656D7 /* Debug */ = {
			isa = XCBuildConfiguration;
			buildSettings = {
				PRODUCT_NAME = "$(TARGET_NAME)";
			};
			name = Debug;
		};
		B3DFA5B417970B1200F656D7 /* Release */ = {
			isa = XCBuildConfiguration;
			buildSettings = {
				PRODUCT_NAME = "$(TARGET_NAME)";
			};
			name = Release;
		};
/* End XCBuildConfiguration section */

/* Begin XCConfigurationList section */
		B3D220F217722AE800B7CB63 /* Build configuration list for PBXProject "LoopBack" */ = {
			isa = XCConfigurationList;
			buildConfigurations = (
				B3D2211A17722AE800B7CB63 /* Debug */,
				B3D2211B17722AE800B7CB63 /* Release */,
			);
			defaultConfigurationIsVisible = 0;
			defaultConfigurationName = Release;
		};
		B3D2211C17722AE800B7CB63 /* Build configuration list for PBXNativeTarget "LoopBack" */ = {
			isa = XCConfigurationList;
			buildConfigurations = (
				B3D2211D17722AE800B7CB63 /* Debug */,
				B3D2211E17722AE800B7CB63 /* Release */,
			);
			defaultConfigurationIsVisible = 0;
			defaultConfigurationName = Release;
		};
		B3D2211F17722AE800B7CB63 /* Build configuration list for PBXNativeTarget "LoopBackTests" */ = {
			isa = XCConfigurationList;
			buildConfigurations = (
				B3D2212017722AE800B7CB63 /* Debug */,
				B3D2212117722AE800B7CB63 /* Release */,
			);
			defaultConfigurationIsVisible = 0;
			defaultConfigurationName = Release;
		};
		B3DFA5B217970B1200F656D7 /* Build configuration list for PBXAggregateTarget "LoopBackFramework" */ = {
			isa = XCConfigurationList;
			buildConfigurations = (
				B3DFA5B317970B1200F656D7 /* Debug */,
				B3DFA5B417970B1200F656D7 /* Release */,
			);
			defaultConfigurationIsVisible = 0;
			defaultConfigurationName = Release;
		};
/* End XCConfigurationList section */
	};
	rootObject = B3D220EF17722AE800B7CB63 /* Project object */;
}
